
Microsoft Visual Studio Solution File, Format Version 10.00
# Visual Studio 2008
Project("{FAE04EC0-301F-11D3-BF4B-00C04F79EFBC}") = "Twentythree", "Twentythree\Twentythree.csproj", "{55E2AB32-83EA-4F81-8EDB-A881DFFCB12D}"
EndProject
Global
	GlobalSection(SolutionConfigurationPlatforms) = preSolution
		Debug|Any CPU = Debug|Any CPU
		Release|Any CPU = Release|Any CPU
	EndGlobalSection
	GlobalSection(ProjectConfigurationPlatforms) = postSolution
		{55E2AB32-83EA-4F81-8EDB-A881DFFCB12D}.Debug|Any CPU.ActiveCfg = Debug|Any CPU
		{55E2AB32-83EA-4F81-8EDB-A881DFFCB12D}.Debug|Any CPU.Build.0 = Debug|Any CPU
		{55E2AB32-83EA-4F81-8EDB-A881DFFCB12D}.Debug|Any CPU.Deploy.0 = Debug|Any CPU
		{55E2AB32-83EA-4F81-8EDB-A881DFFCB12D}.Release|Any CPU.ActiveCfg = Release|Any CPU
		{55E2AB32-83EA-4F81-8EDB-A881DFFCB12D}.Release|Any CPU.Build.0 = Release|Any CPU
		{55E2AB32-83EA-4F81-8EDB-A881DFFCB12D}.Release|Any CPU.Deploy.0 = Release|Any CPU
		{31892229-DA3F-4164-875B-A4A0C4457635}.Debug|Any CPU.ActiveCfg = Debug|Any CPU
		{31892229-DA3F-4164-875B-A4A0C4457635}.Debug|Any CPU.Build.0 = Debug|Any CPU
		{31892229-DA3F-4164-875B-A4A0C4457635}.Release|Any CPU.ActiveCfg = Release|Any CPU
		{31892229-DA3F-4164-875B-A4A0C4457635}.Release|Any CPU.Build.0 = Release|Any CPU
	EndGlobalSection
	GlobalSection(SolutionProperties) = preSolution
		HideSolutionNode = FALSE
	EndGlobalSection
EndGlobal
