
Microsoft Visual Studio Solution File, Format Version 10.00
# Visual Studio 2008
Project("{FAE04EC0-301F-11D3-BF4B-00C04F79EFBC}") = "VisualSharepoint", "VisualSharepoint\VisualSharepoint.csproj", "{A20228E4-1704-4FCB-8243-F8F323FD4A7C}"
EndProject
Global
	GlobalSection(SolutionConfigurationPlatforms) = preSolution
		Debug|Any CPU = Debug|Any CPU
		Release|Any CPU = Release|Any CPU
	EndGlobalSection
	GlobalSection(ProjectConfigurationPlatforms) = postSolution
		{A20228E4-1704-4FCB-8243-F8F323FD4A7C}.Debug|Any CPU.ActiveCfg = Debug|Any CPU
		{A20228E4-1704-4FCB-8243-F8F323FD4A7C}.Debug|Any CPU.Build.0 = Debug|Any CPU
		{A20228E4-1704-4FCB-8243-F8F323FD4A7C}.Release|Any CPU.ActiveCfg = Release|Any CPU
		{A20228E4-1704-4FCB-8243-F8F323FD4A7C}.Release|Any CPU.Build.0 = Release|Any CPU
	EndGlobalSection
	GlobalSection(SolutionProperties) = preSolution
		HideSolutionNode = FALSE
	EndGlobalSection
EndGlobal
